
Microsoft Visual Studio Solution File, Format Version 12.00
# Visual Studio Version 16
VisualStudioVersion = 16.0.29102.190
MinimumVisualStudioVersion = 10.0.40219.1
Project("{FAE04EC0-301F-11D3-BF4B-00C04F79EFBC}") = "StudentsTable.SummerPractice", "StudentsTable.SummerPractice.csproj", "{5599E89B-B1BB-4DD3-B8D1-48B0AC1B6C12}"
EndProject
Project("{FAE04EC0-301F-11D3-BF4B-00C04F79EFBC}") = "DataReader.SummerPractice", "..\DataReader.SummerPractice\DataReader.SummerPractice.csproj", "{44529D26-F8AD-4475-A254-F22D964CB321}"
EndProject
Global
	GlobalSection(SolutionConfigurationPlatforms) = preSolution
		Debug|Any CPU = Debug|Any CPU
		Release|Any CPU = Release|Any CPU
	EndGlobalSection
	GlobalSection(ProjectConfigurationPlatforms) = postSolution
		{5599E89B-B1BB-4DD3-B8D1-48B0AC1B6C12}.Debug|Any CPU.ActiveCfg = Debug|Any CPU
		{5599E89B-B1BB-4DD3-B8D1-48B0AC1B6C12}.Debug|Any CPU.Build.0 = Debug|Any CPU
		{5599E89B-B1BB-4DD3-B8D1-48B0AC1B6C12}.Release|Any CPU.ActiveCfg = Release|Any CPU
		{5599E89B-B1BB-4DD3-B8D1-48B0AC1B6C12}.Release|Any CPU.Build.0 = Release|Any CPU
		{44529D26-F8AD-4475-A254-F22D964CB321}.Debug|Any CPU.ActiveCfg = Debug|Any CPU
		{44529D26-F8AD-4475-A254-F22D964CB321}.Debug|Any CPU.Build.0 = Debug|Any CPU
		{44529D26-F8AD-4475-A254-F22D964CB321}.Release|Any CPU.ActiveCfg = Release|Any CPU
		{44529D26-F8AD-4475-A254-F22D964CB321}.Release|Any CPU.Build.0 = Release|Any CPU
	EndGlobalSection
	GlobalSection(SolutionProperties) = preSolution
		HideSolutionNode = FALSE
	EndGlobalSection
	GlobalSection(ExtensibilityGlobals) = postSolution
		SolutionGuid = {26D8D127-470F-48D1-A87B-CF1B8BAF9477}
	EndGlobalSection
EndGlobal
